
Microsoft Visual Studio Solution File, Format Version 12.00
# Visual Studio Version 17
VisualStudioVersion = 17.5.2.0
MinimumVisualStudioVersion = 10.0.40219.1
Project("{FAE04EC0-301F-11D3-BF4B-00C04F79EFBC}") = "MatchmakingWorker", "MatchmakingWorker\MatchmakingWorker.csproj", "{05D99A22-EA3A-E96A-97B2-A9B26F3E76C8}"
EndProject
Project("{FAE04EC0-301F-11D3-BF4B-00C04F79EFBC}") = "Riot.Data", "Riot.Data\Riot.Data.csproj", "{3EBBF7A0-20AF-4FA1-8B59-14408E592A14}"
EndProject
Global
	GlobalSection(SolutionConfigurationPlatforms) = preSolution
		Debug|Any CPU = Debug|Any CPU
		Debug|x64 = Debug|x64
		Debug|x86 = Debug|x86
		Release|Any CPU = Release|Any CPU
		Release|x64 = Release|x64
		Release|x86 = Release|x86
	EndGlobalSection
	GlobalSection(ProjectConfigurationPlatforms) = postSolution
		{05D99A22-EA3A-E96A-97B2-A9B26F3E76C8}.Debug|Any CPU.ActiveCfg = Debug|Any CPU
		{05D99A22-EA3A-E96A-97B2-A9B26F3E76C8}.Debug|Any CPU.Build.0 = Debug|Any CPU
		{05D99A22-EA3A-E96A-97B2-A9B26F3E76C8}.Debug|x64.ActiveCfg = Debug|Any CPU
		{05D99A22-EA3A-E96A-97B2-A9B26F3E76C8}.Debug|x64.Build.0 = Debug|Any CPU
		{05D99A22-EA3A-E96A-97B2-A9B26F3E76C8}.Debug|x86.ActiveCfg = Debug|Any CPU
		{05D99A22-EA3A-E96A-97B2-A9B26F3E76C8}.Debug|x86.Build.0 = Debug|Any CPU
		{05D99A22-EA3A-E96A-97B2-A9B26F3E76C8}.Release|Any CPU.ActiveCfg = Release|Any CPU
		{05D99A22-EA3A-E96A-97B2-A9B26F3E76C8}.Release|Any CPU.Build.0 = Release|Any CPU
		{05D99A22-EA3A-E96A-97B2-A9B26F3E76C8}.Release|x64.ActiveCfg = Release|Any CPU
		{05D99A22-EA3A-E96A-97B2-A9B26F3E76C8}.Release|x64.Build.0 = Release|Any CPU
		{05D99A22-EA3A-E96A-97B2-A9B26F3E76C8}.Release|x86.ActiveCfg = Release|Any CPU
		{05D99A22-EA3A-E96A-97B2-A9B26F3E76C8}.Release|x86.Build.0 = Release|Any CPU
		{3EBBF7A0-20AF-4FA1-8B59-14408E592A14}.Debug|Any CPU.ActiveCfg = Debug|Any CPU
		{3EBBF7A0-20AF-4FA1-8B59-14408E592A14}.Debug|Any CPU.Build.0 = Debug|Any CPU
		{3EBBF7A0-20AF-4FA1-8B59-14408E592A14}.Debug|x64.ActiveCfg = Debug|Any CPU
		{3EBBF7A0-20AF-4FA1-8B59-14408E592A14}.Debug|x64.Build.0 = Debug|Any CPU
		{3EBBF7A0-20AF-4FA1-8B59-14408E592A14}.Debug|x86.ActiveCfg = Debug|Any CPU
		{3EBBF7A0-20AF-4FA1-8B59-14408E592A14}.Debug|x86.Build.0 = Debug|Any CPU
		{3EBBF7A0-20AF-4FA1-8B59-14408E592A14}.Release|Any CPU.ActiveCfg = Release|Any CPU
		{3EBBF7A0-20AF-4FA1-8B59-14408E592A14}.Release|Any CPU.Build.0 = Release|Any CPU
		{3EBBF7A0-20AF-4FA1-8B59-14408E592A14}.Release|x64.ActiveCfg = Release|Any CPU
		{3EBBF7A0-20AF-4FA1-8B59-14408E592A14}.Release|x64.Build.0 = Release|Any CPU
		{3EBBF7A0-20AF-4FA1-8B59-14408E592A14}.Release|x86.ActiveCfg = Release|Any CPU
		{3EBBF7A0-20AF-4FA1-8B59-14408E592A14}.Release|x86.Build.0 = Release|Any CPU
	EndGlobalSection
	GlobalSection(SolutionProperties) = preSolution
		HideSolutionNode = FALSE
	EndGlobalSection
	GlobalSection(ExtensibilityGlobals) = postSolution
		SolutionGuid = {F75DE5DF-F06C-4560-A20A-A8E29D5DA754}
	EndGlobalSection
EndGlobal
